
Microsoft Visual Studio Solution File, Format Version 12.00
# Visual Studio Version 16
VisualStudioVersion = 16.0.28922.388
MinimumVisualStudioVersion = 10.0.40219.1
Project("{FAE04EC0-301F-11D3-BF4B-00C04F79EFBC}") = "ArrayElmChange", "ArrayElmChange\ArrayElmChange.csproj", "{C72CA8D7-59CA-45CB-B797-2769EF167358}"
EndProject
Global
	GlobalSection(SolutionConfigurationPlatforms) = preSolution
		Debug|Any CPU = Debug|Any CPU
		Release|Any CPU = Release|Any CPU
	EndGlobalSection
	GlobalSection(ProjectConfigurationPlatforms) = postSolution
		{C72CA8D7-59CA-45CB-B797-2769EF167358}.Debug|Any CPU.ActiveCfg = Debug|Any CPU
		{C72CA8D7-59CA-45CB-B797-2769EF167358}.Debug|Any CPU.Build.0 = Debug|Any CPU
		{C72CA8D7-59CA-45CB-B797-2769EF167358}.Release|Any CPU.ActiveCfg = Release|Any CPU
		{C72CA8D7-59CA-45CB-B797-2769EF167358}.Release|Any CPU.Build.0 = Release|Any CPU
	EndGlobalSection
	GlobalSection(SolutionProperties) = preSolution
		HideSolutionNode = FALSE
	EndGlobalSection
	GlobalSection(ExtensibilityGlobals) = postSolution
		SolutionGuid = {BA7E67CA-6BF8-45BE-9326-AA5E70A45D34}
	EndGlobalSection
EndGlobal
