
Microsoft Visual Studio Solution File, Format Version 12.00
# Visual Studio Version 16
VisualStudioVersion = 16.0.28922.388
MinimumVisualStudioVersion = 10.0.40219.1
Project("{FAE04EC0-301F-11D3-BF4B-00C04F79EFBC}") = "ArrayReverse", "ArrayReverse\ArrayReverse.csproj", "{84E62229-EEB9-4BED-B34A-8DFB2E995849}"
EndProject
Global
	GlobalSection(SolutionConfigurationPlatforms) = preSolution
		Debug|Any CPU = Debug|Any CPU
		Release|Any CPU = Release|Any CPU
	EndGlobalSection
	GlobalSection(ProjectConfigurationPlatforms) = postSolution
		{84E62229-EEB9-4BED-B34A-8DFB2E995849}.Debug|Any CPU.ActiveCfg = Debug|Any CPU
		{84E62229-EEB9-4BED-B34A-8DFB2E995849}.Debug|Any CPU.Build.0 = Debug|Any CPU
		{84E62229-EEB9-4BED-B34A-8DFB2E995849}.Release|Any CPU.ActiveCfg = Release|Any CPU
		{84E62229-EEB9-4BED-B34A-8DFB2E995849}.Release|Any CPU.Build.0 = Release|Any CPU
	EndGlobalSection
	GlobalSection(SolutionProperties) = preSolution
		HideSolutionNode = FALSE
	EndGlobalSection
	GlobalSection(ExtensibilityGlobals) = postSolution
		SolutionGuid = {210FF805-4330-45B6-8576-6D1FF55EA8B4}
	EndGlobalSection
EndGlobal
