
Microsoft Visual Studio Solution File, Format Version 12.00
# Visual Studio Version 16
VisualStudioVersion = 16.0.28922.388
MinimumVisualStudioVersion = 10.0.40219.1
Project("{FAE04EC0-301F-11D3-BF4B-00C04F79EFBC}") = "ConsoleApp3", "ConsoleApp3.csproj", "{3B2DD412-C538-4657-90E5-469685F65478}"
EndProject
Global
	GlobalSection(SolutionConfigurationPlatforms) = preSolution
		Debug|Any CPU = Debug|Any CPU
		Release|Any CPU = Release|Any CPU
	EndGlobalSection
	GlobalSection(ProjectConfigurationPlatforms) = postSolution
		{3B2DD412-C538-4657-90E5-469685F65478}.Debug|Any CPU.ActiveCfg = Debug|Any CPU
		{3B2DD412-C538-4657-90E5-469685F65478}.Debug|Any CPU.Build.0 = Debug|Any CPU
		{3B2DD412-C538-4657-90E5-469685F65478}.Release|Any CPU.ActiveCfg = Release|Any CPU
		{3B2DD412-C538-4657-90E5-469685F65478}.Release|Any CPU.Build.0 = Release|Any CPU
	EndGlobalSection
	GlobalSection(SolutionProperties) = preSolution
		HideSolutionNode = FALSE
	EndGlobalSection
	GlobalSection(ExtensibilityGlobals) = postSolution
		SolutionGuid = {5A70ECE3-6019-43DE-A744-C3CEE4E480E8}
	EndGlobalSection
EndGlobal
