
Microsoft Visual Studio Solution File, Format Version 12.00
# Visual Studio Version 16
VisualStudioVersion = 16.0.28922.388
MinimumVisualStudioVersion = 10.0.40219.1
Project("{FAE04EC0-301F-11D3-BF4B-00C04F79EFBC}") = "ФункцСорт", "ФункцСорт.csproj", "{FA345E59-AB0E-42F6-948B-8124BE63B108}"
EndProject
Project("{FAE04EC0-301F-11D3-BF4B-00C04F79EFBC}") = "ClassLibrary2", "..\ClassLibrary2\ClassLibrary2.csproj", "{13A5CA5B-4FC9-46F0-9A27-C94BB8F78EE3}"
EndProject
Global
	GlobalSection(SolutionConfigurationPlatforms) = preSolution
		Debug|Any CPU = Debug|Any CPU
		Release|Any CPU = Release|Any CPU
	EndGlobalSection
	GlobalSection(ProjectConfigurationPlatforms) = postSolution
		{FA345E59-AB0E-42F6-948B-8124BE63B108}.Debug|Any CPU.ActiveCfg = Debug|Any CPU
		{FA345E59-AB0E-42F6-948B-8124BE63B108}.Debug|Any CPU.Build.0 = Debug|Any CPU
		{FA345E59-AB0E-42F6-948B-8124BE63B108}.Release|Any CPU.ActiveCfg = Release|Any CPU
		{FA345E59-AB0E-42F6-948B-8124BE63B108}.Release|Any CPU.Build.0 = Release|Any CPU
		{13A5CA5B-4FC9-46F0-9A27-C94BB8F78EE3}.Debug|Any CPU.ActiveCfg = Debug|Any CPU
		{13A5CA5B-4FC9-46F0-9A27-C94BB8F78EE3}.Debug|Any CPU.Build.0 = Debug|Any CPU
		{13A5CA5B-4FC9-46F0-9A27-C94BB8F78EE3}.Release|Any CPU.ActiveCfg = Release|Any CPU
		{13A5CA5B-4FC9-46F0-9A27-C94BB8F78EE3}.Release|Any CPU.Build.0 = Release|Any CPU
	EndGlobalSection
	GlobalSection(SolutionProperties) = preSolution
		HideSolutionNode = FALSE
	EndGlobalSection
	GlobalSection(ExtensibilityGlobals) = postSolution
		SolutionGuid = {C0140143-FE4E-41DB-8548-3DABC9EF20AD}
	EndGlobalSection
EndGlobal
