
Microsoft Visual Studio Solution File, Format Version 12.00
# Visual Studio Version 16
VisualStudioVersion = 16.0.28922.388
MinimumVisualStudioVersion = 10.0.40219.1
Project("{FAE04EC0-301F-11D3-BF4B-00C04F79EFBC}") = "ConsolePrj2", "ConsolePrj2\ConsolePrj2.csproj", "{A8E5D458-E117-4340-ABEE-1AB20F1627C9}"
EndProject
Project("{9A19103F-16F7-4668-BE54-9A1E7A4F7556}") = "ClassLibrary1", "ClassLibrary1\ClassLibrary1.csproj", "{1FEDDC9B-B977-48E2-8D39-9973C56B99C7}"
EndProject
Project("{FAE04EC0-301F-11D3-BF4B-00C04F79EFBC}") = "prg1", "prg1\prg1.csproj", "{5A144B2C-C671-413A-A683-3EB232917AB0}"
EndProject
Global
	GlobalSection(SolutionConfigurationPlatforms) = preSolution
		Debug|Any CPU = Debug|Any CPU
		Release|Any CPU = Release|Any CPU
	EndGlobalSection
	GlobalSection(ProjectConfigurationPlatforms) = postSolution
		{A8E5D458-E117-4340-ABEE-1AB20F1627C9}.Debug|Any CPU.ActiveCfg = Debug|Any CPU
		{A8E5D458-E117-4340-ABEE-1AB20F1627C9}.Debug|Any CPU.Build.0 = Debug|Any CPU
		{A8E5D458-E117-4340-ABEE-1AB20F1627C9}.Release|Any CPU.ActiveCfg = Release|Any CPU
		{A8E5D458-E117-4340-ABEE-1AB20F1627C9}.Release|Any CPU.Build.0 = Release|Any CPU
		{1FEDDC9B-B977-48E2-8D39-9973C56B99C7}.Debug|Any CPU.ActiveCfg = Debug|Any CPU
		{1FEDDC9B-B977-48E2-8D39-9973C56B99C7}.Debug|Any CPU.Build.0 = Debug|Any CPU
		{1FEDDC9B-B977-48E2-8D39-9973C56B99C7}.Release|Any CPU.ActiveCfg = Release|Any CPU
		{1FEDDC9B-B977-48E2-8D39-9973C56B99C7}.Release|Any CPU.Build.0 = Release|Any CPU
		{5A144B2C-C671-413A-A683-3EB232917AB0}.Debug|Any CPU.ActiveCfg = Debug|Any CPU
		{5A144B2C-C671-413A-A683-3EB232917AB0}.Debug|Any CPU.Build.0 = Debug|Any CPU
		{5A144B2C-C671-413A-A683-3EB232917AB0}.Release|Any CPU.ActiveCfg = Release|Any CPU
		{5A144B2C-C671-413A-A683-3EB232917AB0}.Release|Any CPU.Build.0 = Release|Any CPU
	EndGlobalSection
	GlobalSection(SolutionProperties) = preSolution
		HideSolutionNode = FALSE
	EndGlobalSection
	GlobalSection(ExtensibilityGlobals) = postSolution
		SolutionGuid = {D16CAF2B-791B-40B0-9653-AEA65984D665}
	EndGlobalSection
EndGlobal
